{
  "name": "webmidi-mapper",
  "version": "0.0.0",
  "lockfileVersion": 1,
  "requires": true,
  "dependencies": {
    "webmidi": {
      "version": "2.0.0-rc.10",
      "resolved": "https://registry.npmjs.org/webmidi/-/webmidi-2.0.0-rc.10.tgz",
      "integrity": "sha512-ez3n0iVWfMMFVW5EIcfSkPEUATPG/psCA/tf5KM8AhnjWJ1hNZzDSD16opdKVeRlBk9VUqZe52U9q2IaEkCYOw=="
    }
  }
}
