{
  "name": "webmidi-mapper",
  "version": "1.0.1",
  "lockfileVersion": 1,
  "requires": true,
  "dependencies": {
    "webmidi": {
      "version": "2.5.0",
      "resolved": "https://registry.npmjs.org/webmidi/-/webmidi-2.5.0.tgz",
      "integrity": "sha512-2ha4G7i1EWUI81+638Spyn94/LVAcfnh7r/FAYwqDEC3Ikq5qsu9iksa2uRWKPqIFu++To6TPct0Dxn2/iLfHg=="
    }
  }
}
