{
  "name": "webmidi-mapper",
  "version": "1.0.0",
  "lockfileVersion": 1,
  "requires": true,
  "dependencies": {
    "webmidi": {
      "version": "2.3.1",
      "resolved": "https://registry.npmjs.org/webmidi/-/webmidi-2.3.1.tgz",
      "integrity": "sha512-ibhtp3IIlj9E8yGUUXgRgtaBsh/xvpqTk0+R+zjjRoUkXEv+xijt2joo1ENLSCpAY9ALcFuqwVaqlwG5dQlHqw=="
    }
  }
}
